// !$*UTF8*$!
{
	archiveVersion = 1;
	classes = {
	};
	objectVersion = 46;
	objects = {

/* Begin PBXBuildFile section */
		AE4923EB1E43A6840083B9FD /* AppDelegate.swift in Sources */ = {isa = PBXBuildFile; fileRef = AE4923EA1E43A6840083B9FD /* AppDelegate.swift */; };
		AE4923ED1E43A6840083B9FD /* ViewController.swift in Sources */ = {isa = PBXBuildFile; fileRef = AE4923EC1E43A6840083B9FD /* ViewController.swift */; };
		AE4923F01E43A6840083B9FD /* Main.storyboard in Resources */ = {isa = PBXBuildFile; fileRef = AE4923EE1E43A6840083B9FD /* Main.storyboard */; };
		AE4923F21E43A6840083B9FD /* Assets.xcassets in Resources */ = {isa = PBXBuildFile; fileRef = AE4923F11E43A6840083B9FD /* Assets.xcassets */; };
		AE4923F51E43A6840083B9FD /* LaunchScreen.storyboard in Resources */ = {isa = PBXBuildFile; fileRef = AE4923F31E43A6840083B9FD /* LaunchScreen.storyboard */; };
/* End PBXBuildFile section */

/* Begin PBXFileReference section */
		AE4923E71E43A6840083B9FD /* HLS Tap.app */ = {isa = PBXFileReference; explicitFileType = wrapper.application; includeInIndex = 0; path = "HLS Tap.app"; sourceTree = BUILT_PRODUCTS_DIR; };
		AE4923EA1E43A6840083B9FD /* AppDelegate.swift */ = {isa = PBXFileReference; lastKnownFileType = sourcecode.swift; path = AppDelegate.swift; sourceTree = "<group>"; };
		AE4923EC1E43A6840083B9FD /* ViewController.swift */ = {isa = PBXFileReference; lastKnownFileType = sourcecode.swift; path = ViewController.swift; sourceTree = "<group>"; };
		AE4923EF1E43A6840083B9FD /* Base */ = {isa = PBXFileReference; lastKnownFileType = file.storyboard; name = Base; path = Base.lproj/Main.storyboard; sourceTree = "<group>"; };
		AE4923F11E43A6840083B9FD /* Assets.xcassets */ = {isa = PBXFileReference; lastKnownFileType = folder.assetcatalog; path = Assets.xcassets; sourceTree = "<group>"; };
		AE4923F41E43A6840083B9FD /* Base */ = {isa = PBXFileReference; lastKnownFileType = file.storyboard; name = Base; path = Base.lproj/LaunchScreen.storyboard; sourceTree = "<group>"; };
		AE4923F61E43A6840083B9FD /* Info.plist */ = {isa = PBXFileReference; lastKnownFileType = text.plist.xml; path = Info.plist; sourceTree = "<group>"; };
/* End PBXFileReference section */

/* Begin PBXFrameworksBuildPhase section */
		AE4923E41E43A6840083B9FD /* Frameworks */ = {
			isa = PBXFrameworksBuildPhase;
			buildActionMask = 2147483647;
			files = (
			);
			runOnlyForDeploymentPostprocessing = 0;
		};
/* End PBXFrameworksBuildPhase section */

/* Begin PBXGroup section */
		AE4923DE1E43A6840083B9FD = {
			isa = PBXGroup;
			children = (
				AE4923E91E43A6840083B9FD /* HLS Tap */,
				AE4923E81E43A6840083B9FD /* Products */,
			);
			sourceTree = "<group>";
		};
		AE4923E81E43A6840083B9FD /* Products */ = {
			isa = PBXGroup;
			children = (
				AE4923E71E43A6840083B9FD /* HLS Tap.app */,
			);
			name = Products;
			sourceTree = "<group>";
		};
		AE4923E91E43A6840083B9FD /* HLS Tap */ = {
			isa = PBXGroup;
			children = (
				AE4923EA1E43A6840083B9FD /* AppDelegate.swift */,
				AE4923EC1E43A6840083B9FD /* ViewController.swift */,
				AE4923EE1E43A6840083B9FD /* Main.storyboard */,
				AE4923F11E43A6840083B9FD /* Assets.xcassets */,
				AE4923F31E43A6840083B9FD /* LaunchScreen.storyboard */,
				AE4923F61E43A6840083B9FD /* Info.plist */,
			);
			path = "HLS Tap";
			sourceTree = "<group>";
		};
/* End PBXGroup section */

/* Begin PBXNativeTarget section */
		AE4923E61E43A6840083B9FD /* HLS Tap */ = {
			isa = PBXNativeTarget;
			buildConfigurationList = AE4923F91E43A6840083B9FD /* Build configuration list for PBXNativeTarget "HLS Tap" */;
			buildPhases = (
				AE4923E31E43A6840083B9FD /* Sources */,
				AE4923E41E43A6840083B9FD /* Frameworks */,
				AE4923E51E43A6840083B9FD /* Resources */,
			);
			buildRules = (
			);
			dependencies = (
			);
			name = "HLS Tap";
			productName = "HLS Tap";
			productReference = AE4923E71E43A6840083B9FD /* HLS Tap.app */;
			productType = "com.apple.product-type.application";
		};
/* End PBXNativeTarget section */

/* Begin PBXProject section */
		AE4923DF1E43A6840083B9FD /* Project object */ = {
			isa = PBXProject;
			attributes = {
				LastSwiftUpdateCheck = 0820;
				LastUpgradeCheck = 0820;
				ORGANIZATIONNAME = "Kent Karlsson";
				TargetAttributes = {
					AE4923E61E43A6840083B9FD = {
						CreatedOnToolsVersion = 8.2.1;
						DevelopmentTeam = Y35BNSESLL;
						ProvisioningStyle = Automatic;
					};
				};
			};
			buildConfigurationList = AE4923E21E43A6840083B9FD /* Build configuration list for PBXProject "HLS Tap" */;
			compatibilityVersion = "Xcode 3.2";
			developmentRegion = English;
			hasScannedForEncodings = 0;
			knownRegions = (
				en,
				Base,
			);
			mainGroup = AE4923DE1E43A6840083B9FD;
			productRefGroup = AE4923E81E43A6840083B9FD /* Products */;
			projectDirPath = "";
			projectRoot = "";
			targets = (
				AE4923E61E43A6840083B9FD /* HLS Tap */,
			);
		};
/* End PBXProject section */

/* Begin PBXResourcesBuildPhase section */
		AE4923E51E43A6840083B9FD /* Resources */ = {
			isa = PBXResourcesBuildPhase;
			buildActionMask = 2147483647;
			files = (
				AE4923F51E43A6840083B9FD /* LaunchScreen.storyboard in Resources */,
				AE4923F21E43A6840083B9FD /* Assets.xcassets in Resources */,
				AE4923F01E43A6840083B9FD /* Main.storyboard in Resources */,
			);
			runOnlyForDeploymentPostprocessing = 0;
		};
/* End PBXResourcesBuildPhase section */

/* Begin PBXSourcesBuildPhase section */
		AE4923E31E43A6840083B9FD /* Sources */ = {
			isa = PBXSourcesBuildPhase;
			buildActionMask = 2147483647;
			files = (
				AE4923ED1E43A6840083B9FD /* ViewController.swift in Sources */,
				AE4923EB1E43A6840083B9FD /* AppDelegate.swift in Sources */,
			);
			runOnlyForDeploymentPostprocessing = 0;
		};
/* End PBXSourcesBuildPhase section */

/* Begin PBXVariantGroup section */
		AE4923EE1E43A6840083B9FD /* Main.storyboard */ = {
			isa = PBXVariantGroup;
			children = (
				AE4923EF1E43A6840083B9FD /* Base */,
			);
			name = Main.storyboard;
			sourceTree = "<group>";
		};
		AE4923F31E43A6840083B9FD /* LaunchScreen.storyboard */ = {
			isa = PBXVariantGroup;
			children = (
				AE4923F41E43A6840083B9FD /* Base */,
			);
			name = LaunchScreen.storyboard;
			sourceTree = "<group>";
		};
/* End PBXVariantGroup section */

/* Begin XCBuildConfiguration section */
		AE4923F71E43A6840083B9FD /* Debug */ = {
			isa = XCBuildConfiguration;
			buildSettings = {
				ALWAYS_SEARCH_USER_PATHS = NO;
				CLANG_ANALYZER_NONNULL = YES;
				CLANG_CXX_LANGUAGE_STANDARD = "gnu++0x";
				CLANG_CXX_LIBRARY = "libc++";
				CLANG_ENABLE_MODULES = YES;
				CLANG_ENABLE_OBJC_ARC = YES;
				CLANG_WARN_BOOL_CONVERSION = YES;
				CLANG_WARN_CONSTANT_CONVERSION = YES;
				CLANG_WARN_DIRECT_OBJC_ISA_USAGE = YES_ERROR;
				CLANG_WARN_DOCUMENTATION_COMMENTS = YES;
				CLANG_WARN_EMPTY_BODY = YES;
				CLANG_WARN_ENUM_CONVERSION = YES;
				CLANG_WARN_INFINITE_RECURSION = YES;
				CLANG_WARN_INT_CONVERSION = YES;
				CLANG_WARN_OBJC_ROOT_CLASS = YES_ERROR;
				CLANG_WARN_SUSPICIOUS_MOVE = YES;
				CLANG_WARN_UNREACHABLE_CODE = YES;
				CLANG_WARN__DUPLICATE_METHOD_MATCH = YES;
				"CODE_SIGN_IDENTITY[sdk=iphoneos*]" = "iPhone Developer";
				COPY_PHASE_STRIP = NO;
				DEBUG_INFORMATION_FORMAT = dwarf;
				ENABLE_STRICT_OBJC_MSGSEND = YES;
				ENABLE_TESTABILITY = YES;
				GCC_C_LANGUAGE_STANDARD = gnu99;
				GCC_DYNAMIC_NO_PIC = NO;
				GCC_NO_COMMON_BLOCKS = YES;
				GCC_OPTIMIZATION_LEVEL = 0;
				GCC_PREPROCESSOR_DEFINITIONS = (
					"DEBUG=1",
					"$(inherited)",
				);
				GCC_WARN_64_TO_32_BIT_CONVERSION = YES;
				GCC_WARN_ABOUT_RETURN_TYPE = YES_ERROR;
				GCC_WARN_UNDECLARED_SELECTOR = YES;
				GCC_WARN_UNINITIALIZED_AUTOS = YES_AGGRESSIVE;
				GCC_WARN_UNUSED_FUNCTION = YES;
				GCC_WARN_UNUSED_VARIABLE = YES;
				IPHONEOS_DEPLOYMENT_TARGET = 10.2;
				MTL_ENABLE_DEBUG_INFO = YES;
				ONLY_ACTIVE_ARCH = YES;
				SDKROOT = iphoneos;
				SWIFT_ACTIVE_COMPILATION_CONDITIONS = DEBUG;
				SWIFT_OPTIMIZATION_LEVEL = "-Onone";
			};
			name = Debug;
		};
		AE4923F81E43A6840083B9FD /* Release */ = {
			isa = XCBuildConfiguration;
			buildSettings = {
				ALWAYS_SEARCH_USER_PATHS = NO;
				CLANG_ANALYZER_NONNULL = YES;
				CLANG_CXX_LANGUAGE_STANDARD = "gnu++0x";
				CLANG_CXX_LIBRARY = "libc++";
				CLANG_ENABLE_MODULES = YES;
				CLANG_ENABLE_OBJC_ARC = YES;
				CLANG_WARN_BOOL_CONVERSION = YES;
				CLANG_WARN_CONSTANT_CONVERSION = YES;
				CLANG_WARN_DIRECT_OBJC_ISA_USAGE = YES_ERROR;
				CLANG_WARN_DOCUMENTATION_COMMENTS = YES;
				CLANG_WARN_EMPTY_BODY = YES;
				CLANG_WARN_ENUM_CONVERSION = YES;
				CLANG_WARN_INFINITE_RECURSION = YES;
				CLANG_WARN_INT_CONVERSION = YES;
				CLANG_WARN_OBJC_ROOT_CLASS = YES_ERROR;
				CLANG_WARN_SUSPICIOUS_MOVE = YES;
				CLANG_WARN_UNREACHABLE_CODE = YES;
				CLANG_WARN__DUPLICATE_METHOD_MATCH = YES;
				"CODE_SIGN_IDENTITY[sdk=iphoneos*]" = "iPhone Developer";
				COPY_PHASE_STRIP = NO;
				DEBUG_INFORMATION_FORMAT = "dwarf-with-dsym";
				ENABLE_NS_ASSERTIONS = NO;
				ENABLE_STRICT_OBJC_MSGSEND = YES;
				GCC_C_LANGUAGE_STANDARD = gnu99;
				GCC_NO_COMMON_BLOCKS = YES;
				GCC_WARN_64_TO_32_BIT_CONVERSION = YES;
				GCC_WARN_ABOUT_RETURN_TYPE = YES_ERROR;
				GCC_WARN_UNDECLARED_SELECTOR = YES;
				GCC_WARN_UNINITIALIZED_AUTOS = YES_AGGRESSIVE;
				GCC_WARN_UNUSED_FUNCTION = YES;
				GCC_WARN_UNUSED_VARIABLE = YES;
				IPHONEOS_DEPLOYMENT_TARGET = 10.2;
				MTL_ENABLE_DEBUG_INFO = NO;
				SDKROOT = iphoneos;
				SWIFT_OPTIMIZATION_LEVEL = "-Owholemodule";
				VALIDATE_PRODUCT = YES;
			};
			name = Release;
		};
		AE4923FA1E43A6840083B9FD /* Debug */ = {
			isa = XCBuildConfiguration;
			buildSettings = {
				ASSETCATALOG_COMPILER_APPICON_NAME = AppIcon;
				DEVELOPMENT_TEAM = Y35BNSESLL;
				INFOPLIST_FILE = "HLS Tap/Info.plist";
				LD_RUNPATH_SEARCH_PATHS = "$(inherited) @executable_path/Frameworks";
				PRODUCT_BUNDLE_IDENTIFIER = "com.kentkarlsson.HLS-Tap";
				PRODUCT_NAME = "$(TARGET_NAME)";
				SWIFT_VERSION = 3.0;
			};
			name = Debug;
		};
		AE4923FB1E43A6840083B9FD /* Release */ = {
			isa = XCBuildConfiguration;
			buildSettings = {
				ASSETCATALOG_COMPILER_APPICON_NAME = AppIcon;
				DEVELOPMENT_TEAM = Y35BNSESLL;
				INFOPLIST_FILE = "HLS Tap/Info.plist";
				LD_RUNPATH_SEARCH_PATHS = "$(inherited) @executable_path/Frameworks";
				PRODUCT_BUNDLE_IDENTIFIER = "com.kentkarlsson.HLS-Tap";
				PRODUCT_NAME = "$(TARGET_NAME)";
				SWIFT_VERSION = 3.0;
			};
			name = Release;
		};
/* End XCBuildConfiguration section */

/* Begin XCConfigurationList section */
		AE4923E21E43A6840083B9FD /* Build configuration list for PBXProject "HLS Tap" */ = {
			isa = XCConfigurationList;
			buildConfigurations = (
				AE4923F71E43A6840083B9FD /* Debug */,
				AE4923F81E43A6840083B9FD /* Release */,
			);
			defaultConfigurationIsVisible = 0;
			defaultConfigurationName = Release;
		};
		AE4923F91E43A6840083B9FD /* Build configuration list for PBXNativeTarget "HLS Tap" */ = {
			isa = XCConfigurationList;
			buildConfigurations = (
				AE4923FA1E43A6840083B9FD /* Debug */,
				AE4923FB1E43A6840083B9FD /* Release */,
			);
			defaultConfigurationIsVisible = 0;
		};
/* End XCConfigurationList section */
	};
	rootObject = AE4923DF1E43A6840083B9FD /* Project object */;
}
